
Microsoft Visual Studio Solution File, Format Version 12.00
# Visual Studio Version 16
VisualStudioVersion = 16.0.30804.86
MinimumVisualStudioVersion = 10.0.40219.1
Project("{FAE04EC0-301F-11D3-BF4B-00C04F79EFBC}") = "PomoControl-backend", "PomoControl-backend\PomoControl-backend.csproj", "{97831C17-FDBE-4B14-8A51-D8869A34340D}"
EndProject
Project("{FAE04EC0-301F-11D3-BF4B-00C04F79EFBC}") = "PomoControll.BLL", "PomoControll.BLL\PomoControll.BLL.csproj", "{2C4A6109-5F45-40B7-AC72-78947BF1D907}"
EndProject
Global
	GlobalSection(SolutionConfigurationPlatforms) = preSolution
		Debug|Any CPU = Debug|Any CPU
		Release|Any CPU = Release|Any CPU
	EndGlobalSection
	GlobalSection(ProjectConfigurationPlatforms) = postSolution
		{97831C17-FDBE-4B14-8A51-D8869A34340D}.Debug|Any CPU.ActiveCfg = Debug|Any CPU
		{97831C17-FDBE-4B14-8A51-D8869A34340D}.Debug|Any CPU.Build.0 = Debug|Any CPU
		{97831C17-FDBE-4B14-8A51-D8869A34340D}.Release|Any CPU.ActiveCfg = Release|Any CPU
		{97831C17-FDBE-4B14-8A51-D8869A34340D}.Release|Any CPU.Build.0 = Release|Any CPU
		{2C4A6109-5F45-40B7-AC72-78947BF1D907}.Debug|Any CPU.ActiveCfg = Debug|Any CPU
		{2C4A6109-5F45-40B7-AC72-78947BF1D907}.Debug|Any CPU.Build.0 = Debug|Any CPU
		{2C4A6109-5F45-40B7-AC72-78947BF1D907}.Release|Any CPU.ActiveCfg = Release|Any CPU
		{2C4A6109-5F45-40B7-AC72-78947BF1D907}.Release|Any CPU.Build.0 = Release|Any CPU
	EndGlobalSection
	GlobalSection(SolutionProperties) = preSolution
		HideSolutionNode = FALSE
	EndGlobalSection
	GlobalSection(ExtensibilityGlobals) = postSolution
		SolutionGuid = {E46A6DA6-04F7-4F0F-8578-20B8E4680E83}
	EndGlobalSection
EndGlobal
